
Microsoft Visual Studio Solution File, Format Version 12.00
# Visual Studio Version 17
VisualStudioVersion = 17.3.32819.101
MinimumVisualStudioVersion = 10.0.40219.1
Project("{FAE04EC0-301F-11D3-BF4B-00C04F79EFBC}") = "SalesWeb", "SalesWeb\SalesWeb.csproj", "{C276E27E-F8E8-4CC7-AE3B-1063DF5B2288}"
EndProject
Global
	GlobalSection(SolutionConfigurationPlatforms) = preSolution
		Debug|Any CPU = Debug|Any CPU
		Release|Any CPU = Release|Any CPU
	EndGlobalSection
	GlobalSection(ProjectConfigurationPlatforms) = postSolution
		{C276E27E-F8E8-4CC7-AE3B-1063DF5B2288}.Debug|Any CPU.ActiveCfg = Debug|Any CPU
		{C276E27E-F8E8-4CC7-AE3B-1063DF5B2288}.Debug|Any CPU.Build.0 = Debug|Any CPU
		{C276E27E-F8E8-4CC7-AE3B-1063DF5B2288}.Release|Any CPU.ActiveCfg = Release|Any CPU
		{C276E27E-F8E8-4CC7-AE3B-1063DF5B2288}.Release|Any CPU.Build.0 = Release|Any CPU
	EndGlobalSection
	GlobalSection(SolutionProperties) = preSolution
		HideSolutionNode = FALSE
	EndGlobalSection
	GlobalSection(ExtensibilityGlobals) = postSolution
		SolutionGuid = {E9E152E2-BD06-42B0-A564-817900E02CAA}
	EndGlobalSection
EndGlobal
